
Microsoft Visual Studio Solution File, Format Version 12.00
# Visual Studio Version 17
VisualStudioVersion = 17.4.33205.214
MinimumVisualStudioVersion = 10.0.40219.1
Project("{FAE04EC0-301F-11D3-BF4B-00C04F79EFBC}") = "SwipezGamemodeLib", "SwipezGamemodeLib\SwipezGamemodeLib.csproj", "{08E3C3DC-6940-4E56-AC3E-1861C34C0595}"
EndProject
Global
	GlobalSection(SolutionConfigurationPlatforms) = preSolution
		Debug|Any CPU = Debug|Any CPU
		Release|Any CPU = Release|Any CPU
	EndGlobalSection
	GlobalSection(ProjectConfigurationPlatforms) = postSolution
		{08E3C3DC-6940-4E56-AC3E-1861C34C0595}.Debug|Any CPU.ActiveCfg = Debug|Any CPU
		{08E3C3DC-6940-4E56-AC3E-1861C34C0595}.Debug|Any CPU.Build.0 = Debug|Any CPU
		{08E3C3DC-6940-4E56-AC3E-1861C34C0595}.Release|Any CPU.ActiveCfg = Release|Any CPU
		{08E3C3DC-6940-4E56-AC3E-1861C34C0595}.Release|Any CPU.Build.0 = Release|Any CPU
	EndGlobalSection
	GlobalSection(SolutionProperties) = preSolution
		HideSolutionNode = FALSE
	EndGlobalSection
	GlobalSection(ExtensibilityGlobals) = postSolution
		SolutionGuid = {D440CD79-5AF0-47B1-9294-F2A384DF4968}
	EndGlobalSection
EndGlobal
